// !$*UTF8*$!
{
	archiveVersion = 1;
	classes = {
	};
	objectVersion = 50;
	objects = {

/* Begin PBXBuildFile section */
		398BF9247DB30565D2316E65 /* Pods_StockUITests.framework in Frameworks */ = {isa = PBXBuildFile; fileRef = 41AB3240DE0256A3A641225D /* Pods_StockUITests.framework */; };
		44136CEF5F6116F711C07701 /* Pods_Stock.framework in Frameworks */ = {isa = PBXBuildFile; fileRef = E17947D4573C838D6178E05A /* Pods_Stock.framework */; };
		BF2094B123609E4800A13AE9 /* Item.swift in Sources */ = {isa = PBXBuildFile; fileRef = BF2094B023609E4700A13AE9 /* Item.swift */; };
		BF2094B32360A12C00A13AE9 /* Section.swift in Sources */ = {isa = PBXBuildFile; fileRef = BF2094B22360A12C00A13AE9 /* Section.swift */; };
		BF2094B52360A2C000A13AE9 /* OverviewTableViewController.swift in Sources */ = {isa = PBXBuildFile; fileRef = BF2094B42360A2C000A13AE9 /* OverviewTableViewController.swift */; };
		BF2094B72360A54D00A13AE9 /* DetailViewController.swift in Sources */ = {isa = PBXBuildFile; fileRef = BF2094B62360A54D00A13AE9 /* DetailViewController.swift */; };
		BF44470E23AD384400D36ECF /* AddViewController.swift in Sources */ = {isa = PBXBuildFile; fileRef = BF44470D23AD384400D36ECF /* AddViewController.swift */; };
		BF6F9E17235818560035E0F5 /* AppDelegate.swift in Sources */ = {isa = PBXBuildFile; fileRef = BF6F9E16235818560035E0F5 /* AppDelegate.swift */; };
		BF6F9E1C235818560035E0F5 /* Main.storyboard in Resources */ = {isa = PBXBuildFile; fileRef = BF6F9E1A235818560035E0F5 /* Main.storyboard */; };
		BF6F9E1E235818580035E0F5 /* Assets.xcassets in Resources */ = {isa = PBXBuildFile; fileRef = BF6F9E1D235818580035E0F5 /* Assets.xcassets */; };
		BF6F9E21235818580035E0F5 /* LaunchScreen.storyboard in Resources */ = {isa = PBXBuildFile; fileRef = BF6F9E1F235818580035E0F5 /* LaunchScreen.storyboard */; };
		BF6F9E2C235818590035E0F5 /* StockTests.swift in Sources */ = {isa = PBXBuildFile; fileRef = BF6F9E2B235818590035E0F5 /* StockTests.swift */; };
		BF6F9E37235818590035E0F5 /* StockUITests.swift in Sources */ = {isa = PBXBuildFile; fileRef = BF6F9E36235818590035E0F5 /* StockUITests.swift */; };
		BF6F9E48235827D30035E0F5 /* SummaryTableViewController.swift in Sources */ = {isa = PBXBuildFile; fileRef = BF6F9E47235827D30035E0F5 /* SummaryTableViewController.swift */; };
		BF6F9E4C2358A7CE0035E0F5 /* GoogleService-Info.plist in Resources */ = {isa = PBXBuildFile; fileRef = BF6F9E4B2358A7CE0035E0F5 /* GoogleService-Info.plist */; };
		BFF753E0C33DEF0BD7B7C542 /* Pods_StockTests.framework in Frameworks */ = {isa = PBXBuildFile; fileRef = 68B693DB1DFD94CDC9069975 /* Pods_StockTests.framework */; };
/* End PBXBuildFile section */

/* Begin PBXContainerItemProxy section */
		BF6F9E28235818590035E0F5 /* PBXContainerItemProxy */ = {
			isa = PBXContainerItemProxy;
			containerPortal = BF6F9E0B235818560035E0F5 /* Project object */;
			proxyType = 1;
			remoteGlobalIDString = BF6F9E12235818560035E0F5;
			remoteInfo = Stock;
		};
		BF6F9E33235818590035E0F5 /* PBXContainerItemProxy */ = {
			isa = PBXContainerItemProxy;
			containerPortal = BF6F9E0B235818560035E0F5 /* Project object */;
			proxyType = 1;
			remoteGlobalIDString = BF6F9E12235818560035E0F5;
			remoteInfo = Stock;
		};
/* End PBXContainerItemProxy section */

/* Begin PBXFileReference section */
		41AB3240DE0256A3A641225D /* Pods_StockUITests.framework */ = {isa = PBXFileReference; explicitFileType = wrapper.framework; includeInIndex = 0; path = Pods_StockUITests.framework; sourceTree = BUILT_PRODUCTS_DIR; };
		5E5E17B0DE550C05CC73022C /* Pods-StockUITests.debug.xcconfig */ = {isa = PBXFileReference; includeInIndex = 1; lastKnownFileType = text.xcconfig; name = "Pods-StockUITests.debug.xcconfig"; path = "Target Support Files/Pods-StockUITests/Pods-StockUITests.debug.xcconfig"; sourceTree = "<group>"; };
		68B693DB1DFD94CDC9069975 /* Pods_StockTests.framework */ = {isa = PBXFileReference; explicitFileType = wrapper.framework; includeInIndex = 0; path = Pods_StockTests.framework; sourceTree = BUILT_PRODUCTS_DIR; };
		8295C590E5C2BBA2BCD623A7 /* Pods-StockUITests.release.xcconfig */ = {isa = PBXFileReference; includeInIndex = 1; lastKnownFileType = text.xcconfig; name = "Pods-StockUITests.release.xcconfig"; path = "Target Support Files/Pods-StockUITests/Pods-StockUITests.release.xcconfig"; sourceTree = "<group>"; };
		AEF9EDD5B5540343879E3373 /* Pods-Stock.release.xcconfig */ = {isa = PBXFileReference; includeInIndex = 1; lastKnownFileType = text.xcconfig; name = "Pods-Stock.release.xcconfig"; path = "Target Support Files/Pods-Stock/Pods-Stock.release.xcconfig"; sourceTree = "<group>"; };
		BF2094B023609E4700A13AE9 /* Item.swift */ = {isa = PBXFileReference; lastKnownFileType = sourcecode.swift; path = Item.swift; sourceTree = "<group>"; };
		BF2094B22360A12C00A13AE9 /* Section.swift */ = {isa = PBXFileReference; lastKnownFileType = sourcecode.swift; path = Section.swift; sourceTree = "<group>"; };
		BF2094B42360A2C000A13AE9 /* OverviewTableViewController.swift */ = {isa = PBXFileReference; lastKnownFileType = sourcecode.swift; path = OverviewTableViewController.swift; sourceTree = "<group>"; };
		BF2094B62360A54D00A13AE9 /* DetailViewController.swift */ = {isa = PBXFileReference; lastKnownFileType = sourcecode.swift; path = DetailViewController.swift; sourceTree = "<group>"; };
		BF44470D23AD384400D36ECF /* AddViewController.swift */ = {isa = PBXFileReference; lastKnownFileType = sourcecode.swift; path = AddViewController.swift; sourceTree = "<group>"; };
		BF6F9E13235818560035E0F5 /* Stock.app */ = {isa = PBXFileReference; explicitFileType = wrapper.application; includeInIndex = 0; path = Stock.app; sourceTree = BUILT_PRODUCTS_DIR; };
		BF6F9E16235818560035E0F5 /* AppDelegate.swift */ = {isa = PBXFileReference; lastKnownFileType = sourcecode.swift; path = AppDelegate.swift; sourceTree = "<group>"; };
		BF6F9E1B235818560035E0F5 /* Base */ = {isa = PBXFileReference; lastKnownFileType = file.storyboard; name = Base; path = Base.lproj/Main.storyboard; sourceTree = "<group>"; };
		BF6F9E1D235818580035E0F5 /* Assets.xcassets */ = {isa = PBXFileReference; lastKnownFileType = folder.assetcatalog; path = Assets.xcassets; sourceTree = "<group>"; };
		BF6F9E20235818580035E0F5 /* Base */ = {isa = PBXFileReference; lastKnownFileType = file.storyboard; name = Base; path = Base.lproj/LaunchScreen.storyboard; sourceTree = "<group>"; };
		BF6F9E22235818580035E0F5 /* Info.plist */ = {isa = PBXFileReference; lastKnownFileType = text.plist.xml; path = Info.plist; sourceTree = "<group>"; };
		BF6F9E27235818590035E0F5 /* StockTests.xctest */ = {isa = PBXFileReference; explicitFileType = wrapper.cfbundle; includeInIndex = 0; path = StockTests.xctest; sourceTree = BUILT_PRODUCTS_DIR; };
		BF6F9E2B235818590035E0F5 /* StockTests.swift */ = {isa = PBXFileReference; lastKnownFileType = sourcecode.swift; path = StockTests.swift; sourceTree = "<group>"; };
		BF6F9E2D235818590035E0F5 /* Info.plist */ = {isa = PBXFileReference; lastKnownFileType = text.plist.xml; path = Info.plist; sourceTree = "<group>"; };
		BF6F9E32235818590035E0F5 /* StockUITests.xctest */ = {isa = PBXFileReference; explicitFileType = wrapper.cfbundle; includeInIndex = 0; path = StockUITests.xctest; sourceTree = BUILT_PRODUCTS_DIR; };
		BF6F9E36235818590035E0F5 /* StockUITests.swift */ = {isa = PBXFileReference; lastKnownFileType = sourcecode.swift; path = StockUITests.swift; sourceTree = "<group>"; };
		BF6F9E38235818590035E0F5 /* Info.plist */ = {isa = PBXFileReference; lastKnownFileType = text.plist.xml; path = Info.plist; sourceTree = "<group>"; };
		BF6F9E47235827D30035E0F5 /* SummaryTableViewController.swift */ = {isa = PBXFileReference; lastKnownFileType = sourcecode.swift; path = SummaryTableViewController.swift; sourceTree = "<group>"; };
		BF6F9E4B2358A7CE0035E0F5 /* GoogleService-Info.plist */ = {isa = PBXFileReference; fileEncoding = 4; lastKnownFileType = text.plist.xml; path = "GoogleService-Info.plist"; sourceTree = "<group>"; };
		BFAC8B56691D0E7E3AA4E259 /* Pods-StockTests.release.xcconfig */ = {isa = PBXFileReference; includeInIndex = 1; lastKnownFileType = text.xcconfig; name = "Pods-StockTests.release.xcconfig"; path = "Target Support Files/Pods-StockTests/Pods-StockTests.release.xcconfig"; sourceTree = "<group>"; };
		DA359B62323CB0799EF55203 /* Pods-StockTests.debug.xcconfig */ = {isa = PBXFileReference; includeInIndex = 1; lastKnownFileType = text.xcconfig; name = "Pods-StockTests.debug.xcconfig"; path = "Target Support Files/Pods-StockTests/Pods-StockTests.debug.xcconfig"; sourceTree = "<group>"; };
		E17947D4573C838D6178E05A /* Pods_Stock.framework */ = {isa = PBXFileReference; explicitFileType = wrapper.framework; includeInIndex = 0; path = Pods_Stock.framework; sourceTree = BUILT_PRODUCTS_DIR; };
		E1D314C92D07860FA6418734 /* Pods-Stock.debug.xcconfig */ = {isa = PBXFileReference; includeInIndex = 1; lastKnownFileType = text.xcconfig; name = "Pods-Stock.debug.xcconfig"; path = "Target Support Files/Pods-Stock/Pods-Stock.debug.xcconfig"; sourceTree = "<group>"; };
/* End PBXFileReference section */

/* Begin PBXFrameworksBuildPhase section */
		BF6F9E10235818560035E0F5 /* Frameworks */ = {
			isa = PBXFrameworksBuildPhase;
			buildActionMask = 2147483647;
			files = (
				44136CEF5F6116F711C07701 /* Pods_Stock.framework in Frameworks */,
			);
			runOnlyForDeploymentPostprocessing = 0;
		};
		BF6F9E24235818590035E0F5 /* Frameworks */ = {
			isa = PBXFrameworksBuildPhase;
			buildActionMask = 2147483647;
			files = (
				BFF753E0C33DEF0BD7B7C542 /* Pods_StockTests.framework in Frameworks */,
			);
			runOnlyForDeploymentPostprocessing = 0;
		};
		BF6F9E2F235818590035E0F5 /* Frameworks */ = {
			isa = PBXFrameworksBuildPhase;
			buildActionMask = 2147483647;
			files = (
				398BF9247DB30565D2316E65 /* Pods_StockUITests.framework in Frameworks */,
			);
			runOnlyForDeploymentPostprocessing = 0;
		};
/* End PBXFrameworksBuildPhase section */

/* Begin PBXGroup section */
		8005B432DFF37F16BE658458 /* Pods */ = {
			isa = PBXGroup;
			children = (
				E1D314C92D07860FA6418734 /* Pods-Stock.debug.xcconfig */,
				AEF9EDD5B5540343879E3373 /* Pods-Stock.release.xcconfig */,
				DA359B62323CB0799EF55203 /* Pods-StockTests.debug.xcconfig */,
				BFAC8B56691D0E7E3AA4E259 /* Pods-StockTests.release.xcconfig */,
				5E5E17B0DE550C05CC73022C /* Pods-StockUITests.debug.xcconfig */,
				8295C590E5C2BBA2BCD623A7 /* Pods-StockUITests.release.xcconfig */,
			);
			path = Pods;
			sourceTree = "<group>";
		};
		BF6F9E0A235818560035E0F5 = {
			isa = PBXGroup;
			children = (
				BF6F9E15235818560035E0F5 /* Stock */,
				BF6F9E2A235818590035E0F5 /* StockTests */,
				BF6F9E35235818590035E0F5 /* StockUITests */,
				BF6F9E14235818560035E0F5 /* Products */,
				8005B432DFF37F16BE658458 /* Pods */,
				CA6FDFA89FC98B4A65DC12B5 /* Frameworks */,
			);
			sourceTree = "<group>";
		};
		BF6F9E14235818560035E0F5 /* Products */ = {
			isa = PBXGroup;
			children = (
				BF6F9E13235818560035E0F5 /* Stock.app */,
				BF6F9E27235818590035E0F5 /* StockTests.xctest */,
				BF6F9E32235818590035E0F5 /* StockUITests.xctest */,
			);
			name = Products;
			sourceTree = "<group>";
		};
		BF6F9E15235818560035E0F5 /* Stock */ = {
			isa = PBXGroup;
			children = (
				BF6F9E16235818560035E0F5 /* AppDelegate.swift */,
				BF2094B42360A2C000A13AE9 /* OverviewTableViewController.swift */,
				BF6F9E47235827D30035E0F5 /* SummaryTableViewController.swift */,
				BF44470D23AD384400D36ECF /* AddViewController.swift */,
				BF2094B62360A54D00A13AE9 /* DetailViewController.swift */,
				BF6F9E1A235818560035E0F5 /* Main.storyboard */,
				BF2094B023609E4700A13AE9 /* Item.swift */,
				BF2094B22360A12C00A13AE9 /* Section.swift */,
				BF6F9E1D235818580035E0F5 /* Assets.xcassets */,
				BF6F9E1F235818580035E0F5 /* LaunchScreen.storyboard */,
				BF6F9E22235818580035E0F5 /* Info.plist */,
				BF6F9E4B2358A7CE0035E0F5 /* GoogleService-Info.plist */,
			);
			path = Stock;
			sourceTree = "<group>";
		};
		BF6F9E2A235818590035E0F5 /* StockTests */ = {
			isa = PBXGroup;
			children = (
				BF6F9E2B235818590035E0F5 /* StockTests.swift */,
				BF6F9E2D235818590035E0F5 /* Info.plist */,
			);
			path = StockTests;
			sourceTree = "<group>";
		};
		BF6F9E35235818590035E0F5 /* StockUITests */ = {
			isa = PBXGroup;
			children = (
				BF6F9E36235818590035E0F5 /* StockUITests.swift */,
				BF6F9E38235818590035E0F5 /* Info.plist */,
			);
			path = StockUITests;
			sourceTree = "<group>";
		};
		CA6FDFA89FC98B4A65DC12B5 /* Frameworks */ = {
			isa = PBXGroup;
			children = (
				E17947D4573C838D6178E05A /* Pods_Stock.framework */,
				68B693DB1DFD94CDC9069975 /* Pods_StockTests.framework */,
				41AB3240DE0256A3A641225D /* Pods_StockUITests.framework */,
			);
			name = Frameworks;
			sourceTree = "<group>";
		};
/* End PBXGroup section */

/* Begin PBXNativeTarget section */
		BF6F9E12235818560035E0F5 /* Stock */ = {
			isa = PBXNativeTarget;
			buildConfigurationList = BF6F9E3B235818590035E0F5 /* Build configuration list for PBXNativeTarget "Stock" */;
			buildPhases = (
				B9F62990634EC0904CAE8835 /* [CP] Check Pods Manifest.lock */,
				BF6F9E0F235818560035E0F5 /* Sources */,
				BF6F9E10235818560035E0F5 /* Frameworks */,
				BF6F9E11235818560035E0F5 /* Resources */,
				ADCA86C7CC2F625ED4385192 /* [CP] Embed Pods Frameworks */,
			);
			buildRules = (
			);
			dependencies = (
			);
			name = Stock;
			productName = Stock;
			productReference = BF6F9E13235818560035E0F5 /* Stock.app */;
			productType = "com.apple.product-type.application";
		};
		BF6F9E26235818590035E0F5 /* StockTests */ = {
			isa = PBXNativeTarget;
			buildConfigurationList = BF6F9E3E235818590035E0F5 /* Build configuration list for PBXNativeTarget "StockTests" */;
			buildPhases = (
				B29D94EAD2E6EB1C303BDCE9 /* [CP] Check Pods Manifest.lock */,
				BF6F9E23235818590035E0F5 /* Sources */,
				BF6F9E24235818590035E0F5 /* Frameworks */,
				BF6F9E25235818590035E0F5 /* Resources */,
			);
			buildRules = (
			);
			dependencies = (
				BF6F9E29235818590035E0F5 /* PBXTargetDependency */,
			);
			name = StockTests;
			productName = StockTests;
			productReference = BF6F9E27235818590035E0F5 /* StockTests.xctest */;
			productType = "com.apple.product-type.bundle.unit-test";
		};
		BF6F9E31235818590035E0F5 /* StockUITests */ = {
			isa = PBXNativeTarget;
			buildConfigurationList = BF6F9E41235818590035E0F5 /* Build configuration list for PBXNativeTarget "StockUITests" */;
			buildPhases = (
				1C135AEB22BC853E862EF6D3 /* [CP] Check Pods Manifest.lock */,
				BF6F9E2E235818590035E0F5 /* Sources */,
				BF6F9E2F235818590035E0F5 /* Frameworks */,
				BF6F9E30235818590035E0F5 /* Resources */,
			);
			buildRules = (
			);
			dependencies = (
				BF6F9E34235818590035E0F5 /* PBXTargetDependency */,
			);
			name = StockUITests;
			productName = StockUITests;
			productReference = BF6F9E32235818590035E0F5 /* StockUITests.xctest */;
			productType = "com.apple.product-type.bundle.ui-testing";
		};
/* End PBXNativeTarget section */

/* Begin PBXProject section */
		BF6F9E0B235818560035E0F5 /* Project object */ = {
			isa = PBXProject;
			attributes = {
				LastSwiftUpdateCheck = 1030;
				LastUpgradeCheck = 1030;
				ORGANIZATIONNAME = "Abigail Ng";
				TargetAttributes = {
					BF6F9E12235818560035E0F5 = {
						CreatedOnToolsVersion = 10.3;
					};
					BF6F9E26235818590035E0F5 = {
						CreatedOnToolsVersion = 10.3;
						TestTargetID = BF6F9E12235818560035E0F5;
					};
					BF6F9E31235818590035E0F5 = {
						CreatedOnToolsVersion = 10.3;
						TestTargetID = BF6F9E12235818560035E0F5;
					};
				};
			};
			buildConfigurationList = BF6F9E0E235818560035E0F5 /* Build configuration list for PBXProject "Stock" */;
			compatibilityVersion = "Xcode 9.3";
			developmentRegion = en;
			hasScannedForEncodings = 0;
			knownRegions = (
				en,
				Base,
			);
			mainGroup = BF6F9E0A235818560035E0F5;
			productRefGroup = BF6F9E14235818560035E0F5 /* Products */;
			projectDirPath = "";
			projectRoot = "";
			targets = (
				BF6F9E12235818560035E0F5 /* Stock */,
				BF6F9E26235818590035E0F5 /* StockTests */,
				BF6F9E31235818590035E0F5 /* StockUITests */,
			);
		};
/* End PBXProject section */

/* Begin PBXResourcesBuildPhase section */
		BF6F9E11235818560035E0F5 /* Resources */ = {
			isa = PBXResourcesBuildPhase;
			buildActionMask = 2147483647;
			files = (
				BF6F9E21235818580035E0F5 /* LaunchScreen.storyboard in Resources */,
				BF6F9E4C2358A7CE0035E0F5 /* GoogleService-Info.plist in Resources */,
				BF6F9E1E235818580035E0F5 /* Assets.xcassets in Resources */,
				BF6F9E1C235818560035E0F5 /* Main.storyboard in Resources */,
			);
			runOnlyForDeploymentPostprocessing = 0;
		};
		BF6F9E25235818590035E0F5 /* Resources */ = {
			isa = PBXResourcesBuildPhase;
			buildActionMask = 2147483647;
			files = (
			);
			runOnlyForDeploymentPostprocessing = 0;
		};
		BF6F9E30235818590035E0F5 /* Resources */ = {
			isa = PBXResourcesBuildPhase;
			buildActionMask = 2147483647;
			files = (
			);
			runOnlyForDeploymentPostprocessing = 0;
		};
/* End PBXResourcesBuildPhase section */

/* Begin PBXShellScriptBuildPhase section */
		1C135AEB22BC853E862EF6D3 /* [CP] Check Pods Manifest.lock */ = {
			isa = PBXShellScriptBuildPhase;
			buildActionMask = 2147483647;
			files = (
			);
			inputFileListPaths = (
			);
			inputPaths = (
				"${PODS_PODFILE_DIR_PATH}/Podfile.lock",
				"${PODS_ROOT}/Manifest.lock",
			);
			name = "[CP] Check Pods Manifest.lock";
			outputFileListPaths = (
			);
			outputPaths = (
				"$(DERIVED_FILE_DIR)/Pods-StockUITests-checkManifestLockResult.txt",
			);
			runOnlyForDeploymentPostprocessing = 0;
			shellPath = /bin/sh;
			shellScript = "diff \"${PODS_PODFILE_DIR_PATH}/Podfile.lock\" \"${PODS_ROOT}/Manifest.lock\" > /dev/null\nif [ $? != 0 ] ; then\n    # print error to STDERR\n    echo \"error: The sandbox is not in sync with the Podfile.lock. Run 'pod install' or update your CocoaPods installation.\" >&2\n    exit 1\nfi\n# This output is used by Xcode 'outputs' to avoid re-running this script phase.\necho \"SUCCESS\" > \"${SCRIPT_OUTPUT_FILE_0}\"\n";
			showEnvVarsInLog = 0;
		};
		ADCA86C7CC2F625ED4385192 /* [CP] Embed Pods Frameworks */ = {
			isa = PBXShellScriptBuildPhase;
			buildActionMask = 2147483647;
			files = (
			);
			inputFileListPaths = (
			);
			inputPaths = (
				"${PODS_ROOT}/Target Support Files/Pods-Stock/Pods-Stock-frameworks.sh",
				"${BUILT_PRODUCTS_DIR}/GoogleUtilities/GoogleUtilities.framework",
				"${BUILT_PRODUCTS_DIR}/nanopb/nanopb.framework",
			);
			name = "[CP] Embed Pods Frameworks";
			outputFileListPaths = (
			);
			outputPaths = (
				"${TARGET_BUILD_DIR}/${FRAMEWORKS_FOLDER_PATH}/GoogleUtilities.framework",
				"${TARGET_BUILD_DIR}/${FRAMEWORKS_FOLDER_PATH}/nanopb.framework",
			);
			runOnlyForDeploymentPostprocessing = 0;
			shellPath = /bin/sh;
			shellScript = "\"${PODS_ROOT}/Target Support Files/Pods-Stock/Pods-Stock-frameworks.sh\"\n";
			showEnvVarsInLog = 0;
		};
		B29D94EAD2E6EB1C303BDCE9 /* [CP] Check Pods Manifest.lock */ = {
			isa = PBXShellScriptBuildPhase;
			buildActionMask = 2147483647;
			files = (
			);
			inputFileListPaths = (
			);
			inputPaths = (
				"${PODS_PODFILE_DIR_PATH}/Podfile.lock",
				"${PODS_ROOT}/Manifest.lock",
			);
			name = "[CP] Check Pods Manifest.lock";
			outputFileListPaths = (
			);
			outputPaths = (
				"$(DERIVED_FILE_DIR)/Pods-StockTests-checkManifestLockResult.txt",
			);
			runOnlyForDeploymentPostprocessing = 0;
			shellPath = /bin/sh;
			shellScript = "diff \"${PODS_PODFILE_DIR_PATH}/Podfile.lock\" \"${PODS_ROOT}/Manifest.lock\" > /dev/null\nif [ $? != 0 ] ; then\n    # print error to STDERR\n    echo \"error: The sandbox is not in sync with the Podfile.lock. Run 'pod install' or update your CocoaPods installation.\" >&2\n    exit 1\nfi\n# This output is used by Xcode 'outputs' to avoid re-running this script phase.\necho \"SUCCESS\" > \"${SCRIPT_OUTPUT_FILE_0}\"\n";
			showEnvVarsInLog = 0;
		};
		B9F62990634EC0904CAE8835 /* [CP] Check Pods Manifest.lock */ = {
			isa = PBXShellScriptBuildPhase;
			buildActionMask = 2147483647;
			files = (
			);
			inputFileListPaths = (
			);
			inputPaths = (
				"${PODS_PODFILE_DIR_PATH}/Podfile.lock",
				"${PODS_ROOT}/Manifest.lock",
			);
			name = "[CP] Check Pods Manifest.lock";
			outputFileListPaths = (
			);
			outputPaths = (
				"$(DERIVED_FILE_DIR)/Pods-Stock-checkManifestLockResult.txt",
			);
			runOnlyForDeploymentPostprocessing = 0;
			shellPath = /bin/sh;
			shellScript = "diff \"${PODS_PODFILE_DIR_PATH}/Podfile.lock\" \"${PODS_ROOT}/Manifest.lock\" > /dev/null\nif [ $? != 0 ] ; then\n    # print error to STDERR\n    echo \"error: The sandbox is not in sync with the Podfile.lock. Run 'pod install' or update your CocoaPods installation.\" >&2\n    exit 1\nfi\n# This output is used by Xcode 'outputs' to avoid re-running this script phase.\necho \"SUCCESS\" > \"${SCRIPT_OUTPUT_FILE_0}\"\n";
			showEnvVarsInLog = 0;
		};
/* End PBXShellScriptBuildPhase section */

/* Begin PBXSourcesBuildPhase section */
		BF6F9E0F235818560035E0F5 /* Sources */ = {
			isa = PBXSourcesBuildPhase;
			buildActionMask = 2147483647;
			files = (
				BF2094B52360A2C000A13AE9 /* OverviewTableViewController.swift in Sources */,
				BF2094B32360A12C00A13AE9 /* Section.swift in Sources */,
				BF44470E23AD384400D36ECF /* AddViewController.swift in Sources */,
				BF6F9E48235827D30035E0F5 /* SummaryTableViewController.swift in Sources */,
				BF2094B72360A54D00A13AE9 /* DetailViewController.swift in Sources */,
				BF2094B123609E4800A13AE9 /* Item.swift in Sources */,
				BF6F9E17235818560035E0F5 /* AppDelegate.swift in Sources */,
			);
			runOnlyForDeploymentPostprocessing = 0;
		};
		BF6F9E23235818590035E0F5 /* Sources */ = {
			isa = PBXSourcesBuildPhase;
			buildActionMask = 2147483647;
			files = (
				BF6F9E2C235818590035E0F5 /* StockTests.swift in Sources */,
			);
			runOnlyForDeploymentPostprocessing = 0;
		};
		BF6F9E2E235818590035E0F5 /* Sources */ = {
			isa = PBXSourcesBuildPhase;
			buildActionMask = 2147483647;
			files = (
				BF6F9E37235818590035E0F5 /* StockUITests.swift in Sources */,
			);
			runOnlyForDeploymentPostprocessing = 0;
		};
/* End PBXSourcesBuildPhase section */

/* Begin PBXTargetDependency section */
		BF6F9E29235818590035E0F5 /* PBXTargetDependency */ = {
			isa = PBXTargetDependency;
			target = BF6F9E12235818560035E0F5 /* Stock */;
			targetProxy = BF6F9E28235818590035E0F5 /* PBXContainerItemProxy */;
		};
		BF6F9E34235818590035E0F5 /* PBXTargetDependency */ = {
			isa = PBXTargetDependency;
			target = BF6F9E12235818560035E0F5 /* Stock */;
			targetProxy = BF6F9E33235818590035E0F5 /* PBXContainerItemProxy */;
		};
/* End PBXTargetDependency section */

/* Begin PBXVariantGroup section */
		BF6F9E1A235818560035E0F5 /* Main.storyboard */ = {
			isa = PBXVariantGroup;
			children = (
				BF6F9E1B235818560035E0F5 /* Base */,
			);
			name = Main.storyboard;
			sourceTree = "<group>";
		};
		BF6F9E1F235818580035E0F5 /* LaunchScreen.storyboard */ = {
			isa = PBXVariantGroup;
			children = (
				BF6F9E20235818580035E0F5 /* Base */,
			);
			name = LaunchScreen.storyboard;
			sourceTree = "<group>";
		};
/* End PBXVariantGroup section */

/* Begin XCBuildConfiguration section */
		BF6F9E39235818590035E0F5 /* Debug */ = {
			isa = XCBuildConfiguration;
			buildSettings = {
				ALWAYS_SEARCH_USER_PATHS = NO;
				CLANG_ANALYZER_NONNULL = YES;
				CLANG_ANALYZER_NUMBER_OBJECT_CONVERSION = YES_AGGRESSIVE;
				CLANG_CXX_LANGUAGE_STANDARD = "gnu++14";
				CLANG_CXX_LIBRARY = "libc++";
				CLANG_ENABLE_MODULES = YES;
				CLANG_ENABLE_OBJC_ARC = YES;
				CLANG_ENABLE_OBJC_WEAK = YES;
				CLANG_WARN_BLOCK_CAPTURE_AUTORELEASING = YES;
				CLANG_WARN_BOOL_CONVERSION = YES;
				CLANG_WARN_COMMA = YES;
				CLANG_WARN_CONSTANT_CONVERSION = YES;
				CLANG_WARN_DEPRECATED_OBJC_IMPLEMENTATIONS = YES;
				CLANG_WARN_DIRECT_OBJC_ISA_USAGE = YES_ERROR;
				CLANG_WARN_DOCUMENTATION_COMMENTS = YES;
				CLANG_WARN_EMPTY_BODY = YES;
				CLANG_WARN_ENUM_CONVERSION = YES;
				CLANG_WARN_INFINITE_RECURSION = YES;
				CLANG_WARN_INT_CONVERSION = YES;
				CLANG_WARN_NON_LITERAL_NULL_CONVERSION = YES;
				CLANG_WARN_OBJC_IMPLICIT_RETAIN_SELF = YES;
				CLANG_WARN_OBJC_LITERAL_CONVERSION = YES;
				CLANG_WARN_OBJC_ROOT_CLASS = YES_ERROR;
				CLANG_WARN_RANGE_LOOP_ANALYSIS = YES;
				CLANG_WARN_STRICT_PROTOTYPES = YES;
				CLANG_WARN_SUSPICIOUS_MOVE = YES;
				CLANG_WARN_UNGUARDED_AVAILABILITY = YES_AGGRESSIVE;
				CLANG_WARN_UNREACHABLE_CODE = YES;
				CLANG_WARN__DUPLICATE_METHOD_MATCH = YES;
				CODE_SIGN_IDENTITY = "iPhone Developer";
				COPY_PHASE_STRIP = NO;
				DEBUG_INFORMATION_FORMAT = dwarf;
				ENABLE_STRICT_OBJC_MSGSEND = YES;
				ENABLE_TESTABILITY = YES;
				GCC_C_LANGUAGE_STANDARD = gnu11;
				GCC_DYNAMIC_NO_PIC = NO;
				GCC_NO_COMMON_BLOCKS = YES;
				GCC_OPTIMIZATION_LEVEL = 0;
				GCC_PREPROCESSOR_DEFINITIONS = (
					"DEBUG=1",
					"$(inherited)",
				);
				GCC_WARN_64_TO_32_BIT_CONVERSION = YES;
				GCC_WARN_ABOUT_RETURN_TYPE = YES_ERROR;
				GCC_WARN_UNDECLARED_SELECTOR = YES;
				GCC_WARN_UNINITIALIZED_AUTOS = YES_AGGRESSIVE;
				GCC_WARN_UNUSED_FUNCTION = YES;
				GCC_WARN_UNUSED_VARIABLE = YES;
				IPHONEOS_DEPLOYMENT_TARGET = 12.4;
				MTL_ENABLE_DEBUG_INFO = INCLUDE_SOURCE;
				MTL_FAST_MATH = YES;
				ONLY_ACTIVE_ARCH = YES;
				SDKROOT = iphoneos;
				SWIFT_ACTIVE_COMPILATION_CONDITIONS = DEBUG;
				SWIFT_OPTIMIZATION_LEVEL = "-Onone";
			};
			name = Debug;
		};
		BF6F9E3A235818590035E0F5 /* Release */ = {
			isa = XCBuildConfiguration;
			buildSettings = {
				ALWAYS_SEARCH_USER_PATHS = NO;
				CLANG_ANALYZER_NONNULL = YES;
				CLANG_ANALYZER_NUMBER_OBJECT_CONVERSION = YES_AGGRESSIVE;
				CLANG_CXX_LANGUAGE_STANDARD = "gnu++14";
				CLANG_CXX_LIBRARY = "libc++";
				CLANG_ENABLE_MODULES = YES;
				CLANG_ENABLE_OBJC_ARC = YES;
				CLANG_ENABLE_OBJC_WEAK = YES;
				CLANG_WARN_BLOCK_CAPTURE_AUTORELEASING = YES;
				CLANG_WARN_BOOL_CONVERSION = YES;
				CLANG_WARN_COMMA = YES;
				CLANG_WARN_CONSTANT_CONVERSION = YES;
				CLANG_WARN_DEPRECATED_OBJC_IMPLEMENTATIONS = YES;
				CLANG_WARN_DIRECT_OBJC_ISA_USAGE = YES_ERROR;
				CLANG_WARN_DOCUMENTATION_COMMENTS = YES;
				CLANG_WARN_EMPTY_BODY = YES;
				CLANG_WARN_ENUM_CONVERSION = YES;
				CLANG_WARN_INFINITE_RECURSION = YES;
				CLANG_WARN_INT_CONVERSION = YES;
				CLANG_WARN_NON_LITERAL_NULL_CONVERSION = YES;
				CLANG_WARN_OBJC_IMPLICIT_RETAIN_SELF = YES;
				CLANG_WARN_OBJC_LITERAL_CONVERSION = YES;
				CLANG_WARN_OBJC_ROOT_CLASS = YES_ERROR;
				CLANG_WARN_RANGE_LOOP_ANALYSIS = YES;
				CLANG_WARN_STRICT_PROTOTYPES = YES;
				CLANG_WARN_SUSPICIOUS_MOVE = YES;
				CLANG_WARN_UNGUARDED_AVAILABILITY = YES_AGGRESSIVE;
				CLANG_WARN_UNREACHABLE_CODE = YES;
				CLANG_WARN__DUPLICATE_METHOD_MATCH = YES;
				CODE_SIGN_IDENTITY = "iPhone Developer";
				COPY_PHASE_STRIP = NO;
				DEBUG_INFORMATION_FORMAT = "dwarf-with-dsym";
				ENABLE_NS_ASSERTIONS = NO;
				ENABLE_STRICT_OBJC_MSGSEND = YES;
				GCC_C_LANGUAGE_STANDARD = gnu11;
				GCC_NO_COMMON_BLOCKS = YES;
				GCC_WARN_64_TO_32_BIT_CONVERSION = YES;
				GCC_WARN_ABOUT_RETURN_TYPE = YES_ERROR;
				GCC_WARN_UNDECLARED_SELECTOR = YES;
				GCC_WARN_UNINITIALIZED_AUTOS = YES_AGGRESSIVE;
				GCC_WARN_UNUSED_FUNCTION = YES;
				GCC_WARN_UNUSED_VARIABLE = YES;
				IPHONEOS_DEPLOYMENT_TARGET = 12.4;
				MTL_ENABLE_DEBUG_INFO = NO;
				MTL_FAST_MATH = YES;
				SDKROOT = iphoneos;
				SWIFT_COMPILATION_MODE = wholemodule;
				SWIFT_OPTIMIZATION_LEVEL = "-O";
				VALIDATE_PRODUCT = YES;
			};
			name = Release;
		};
		BF6F9E3C235818590035E0F5 /* Debug */ = {
			isa = XCBuildConfiguration;
			baseConfigurationReference = E1D314C92D07860FA6418734 /* Pods-Stock.debug.xcconfig */;
			buildSettings = {
				ASSETCATALOG_COMPILER_APPICON_NAME = AppIcon;
				CODE_SIGN_STYLE = Automatic;
				DEVELOPMENT_TEAM = B97FHMMA5F;
				INFOPLIST_FILE = Stock/Info.plist;
				LD_RUNPATH_SEARCH_PATHS = (
					"$(inherited)",
					"@executable_path/Frameworks",
				);
				PRODUCT_BUNDLE_IDENTIFIER = com.abigailng.Stock;
				PRODUCT_NAME = "$(TARGET_NAME)";
				SWIFT_VERSION = 5.0;
				TARGETED_DEVICE_FAMILY = "1,2";
			};
			name = Debug;
		};
		BF6F9E3D235818590035E0F5 /* Release */ = {
			isa = XCBuildConfiguration;
			baseConfigurationReference = AEF9EDD5B5540343879E3373 /* Pods-Stock.release.xcconfig */;
			buildSettings = {
				ASSETCATALOG_COMPILER_APPICON_NAME = AppIcon;
				CODE_SIGN_STYLE = Automatic;
				DEVELOPMENT_TEAM = B97FHMMA5F;
				INFOPLIST_FILE = Stock/Info.plist;
				LD_RUNPATH_SEARCH_PATHS = (
					"$(inherited)",
					"@executable_path/Frameworks",
				);
				PRODUCT_BUNDLE_IDENTIFIER = com.abigailng.Stock;
				PRODUCT_NAME = "$(TARGET_NAME)";
				SWIFT_VERSION = 5.0;
				TARGETED_DEVICE_FAMILY = "1,2";
			};
			name = Release;
		};
		BF6F9E3F235818590035E0F5 /* Debug */ = {
			isa = XCBuildConfiguration;
			baseConfigurationReference = DA359B62323CB0799EF55203 /* Pods-StockTests.debug.xcconfig */;
			buildSettings = {
				ALWAYS_EMBED_SWIFT_STANDARD_LIBRARIES = YES;
				BUNDLE_LOADER = "$(TEST_HOST)";
				CODE_SIGN_STYLE = Automatic;
				DEVELOPMENT_TEAM = B97FHMMA5F;
				INFOPLIST_FILE = StockTests/Info.plist;
				LD_RUNPATH_SEARCH_PATHS = (
					"$(inherited)",
					"@executable_path/Frameworks",
					"@loader_path/Frameworks",
				);
				PRODUCT_BUNDLE_IDENTIFIER = com.abigailng.StockTests;
				PRODUCT_NAME = "$(TARGET_NAME)";
				SWIFT_VERSION = 5.0;
				TARGETED_DEVICE_FAMILY = "1,2";
				TEST_HOST = "$(BUILT_PRODUCTS_DIR)/Stock.app/Stock";
			};
			name = Debug;
		};
		BF6F9E40235818590035E0F5 /* Release */ = {
			isa = XCBuildConfiguration;
			baseConfigurationReference = BFAC8B56691D0E7E3AA4E259 /* Pods-StockTests.release.xcconfig */;
			buildSettings = {
				ALWAYS_EMBED_SWIFT_STANDARD_LIBRARIES = YES;
				BUNDLE_LOADER = "$(TEST_HOST)";
				CODE_SIGN_STYLE = Automatic;
				DEVELOPMENT_TEAM = B97FHMMA5F;
				INFOPLIST_FILE = StockTests/Info.plist;
				LD_RUNPATH_SEARCH_PATHS = (
					"$(inherited)",
					"@executable_path/Frameworks",
					"@loader_path/Frameworks",
				);
				PRODUCT_BUNDLE_IDENTIFIER = com.abigailng.StockTests;
				PRODUCT_NAME = "$(TARGET_NAME)";
				SWIFT_VERSION = 5.0;
				TARGETED_DEVICE_FAMILY = "1,2";
				TEST_HOST = "$(BUILT_PRODUCTS_DIR)/Stock.app/Stock";
			};
			name = Release;
		};
		BF6F9E42235818590035E0F5 /* Debug */ = {
			isa = XCBuildConfiguration;
			baseConfigurationReference = 5E5E17B0DE550C05CC73022C /* Pods-StockUITests.debug.xcconfig */;
			buildSettings = {
				ALWAYS_EMBED_SWIFT_STANDARD_LIBRARIES = YES;
				CODE_SIGN_STYLE = Automatic;
				DEVELOPMENT_TEAM = B97FHMMA5F;
				INFOPLIST_FILE = StockUITests/Info.plist;
				LD_RUNPATH_SEARCH_PATHS = (
					"$(inherited)",
					"@executable_path/Frameworks",
					"@loader_path/Frameworks",
				);
				PRODUCT_BUNDLE_IDENTIFIER = com.abigailng.StockUITests;
				PRODUCT_NAME = "$(TARGET_NAME)";
				SWIFT_VERSION = 5.0;
				TARGETED_DEVICE_FAMILY = "1,2";
				TEST_TARGET_NAME = Stock;
			};
			name = Debug;
		};
		BF6F9E43235818590035E0F5 /* Release */ = {
			isa = XCBuildConfiguration;
			baseConfigurationReference = 8295C590E5C2BBA2BCD623A7 /* Pods-StockUITests.release.xcconfig */;
			buildSettings = {
				ALWAYS_EMBED_SWIFT_STANDARD_LIBRARIES = YES;
				CODE_SIGN_STYLE = Automatic;
				DEVELOPMENT_TEAM = B97FHMMA5F;
				INFOPLIST_FILE = StockUITests/Info.plist;
				LD_RUNPATH_SEARCH_PATHS = (
					"$(inherited)",
					"@executable_path/Frameworks",
					"@loader_path/Frameworks",
				);
				PRODUCT_BUNDLE_IDENTIFIER = com.abigailng.StockUITests;
				PRODUCT_NAME = "$(TARGET_NAME)";
				SWIFT_VERSION = 5.0;
				TARGETED_DEVICE_FAMILY = "1,2";
				TEST_TARGET_NAME = Stock;
			};
			name = Release;
		};
/* End XCBuildConfiguration section */

/* Begin XCConfigurationList section */
		BF6F9E0E235818560035E0F5 /* Build configuration list for PBXProject "Stock" */ = {
			isa = XCConfigurationList;
			buildConfigurations = (
				BF6F9E39235818590035E0F5 /* Debug */,
				BF6F9E3A235818590035E0F5 /* Release */,
			);
			defaultConfigurationIsVisible = 0;
			defaultConfigurationName = Release;
		};
		BF6F9E3B235818590035E0F5 /* Build configuration list for PBXNativeTarget "Stock" */ = {
			isa = XCConfigurationList;
			buildConfigurations = (
				BF6F9E3C235818590035E0F5 /* Debug */,
				BF6F9E3D235818590035E0F5 /* Release */,
			);
			defaultConfigurationIsVisible = 0;
			defaultConfigurationName = Release;
		};
		BF6F9E3E235818590035E0F5 /* Build configuration list for PBXNativeTarget "StockTests" */ = {
			isa = XCConfigurationList;
			buildConfigurations = (
				BF6F9E3F235818590035E0F5 /* Debug */,
				BF6F9E40235818590035E0F5 /* Release */,
			);
			defaultConfigurationIsVisible = 0;
			defaultConfigurationName = Release;
		};
		BF6F9E41235818590035E0F5 /* Build configuration list for PBXNativeTarget "StockUITests" */ = {
			isa = XCConfigurationList;
			buildConfigurations = (
				BF6F9E42235818590035E0F5 /* Debug */,
				BF6F9E43235818590035E0F5 /* Release */,
			);
			defaultConfigurationIsVisible = 0;
			defaultConfigurationName = Release;
		};
/* End XCConfigurationList section */
	};
	rootObject = BF6F9E0B235818560035E0F5 /* Project object */;
}
